
Microsoft Visual Studio Solution File, Format Version 12.00
# Visual Studio Version 16
VisualStudioVersion = 16.0.34301.259
MinimumVisualStudioVersion = 10.0.40219.1
Project("{FAE04EC0-301F-11D3-BF4B-00C04F79EFBC}") = "_windows_CSharp", "_windows_CSharp.csproj", "{2CEDD8C6-A5A4-4D8F-BCE6-718264D8AF66}"
EndProject
Global
	GlobalSection(SolutionConfigurationPlatforms) = preSolution
		Debug|Any CPU = Debug|Any CPU
		Release|Any CPU = Release|Any CPU
	EndGlobalSection
	GlobalSection(ProjectConfigurationPlatforms) = postSolution
		{2CEDD8C6-A5A4-4D8F-BCE6-718264D8AF66}.Debug|Any CPU.ActiveCfg = Debug|Any CPU
		{2CEDD8C6-A5A4-4D8F-BCE6-718264D8AF66}.Debug|Any CPU.Build.0 = Debug|Any CPU
		{2CEDD8C6-A5A4-4D8F-BCE6-718264D8AF66}.Release|Any CPU.ActiveCfg = Release|Any CPU
		{2CEDD8C6-A5A4-4D8F-BCE6-718264D8AF66}.Release|Any CPU.Build.0 = Release|Any CPU
	EndGlobalSection
	GlobalSection(SolutionProperties) = preSolution
		HideSolutionNode = FALSE
	EndGlobalSection
	GlobalSection(ExtensibilityGlobals) = postSolution
		SolutionGuid = {2C2F9984-80BE-4ECF-8969-8A99FA35055E}
	EndGlobalSection
EndGlobal
